// !$*UTF8*$!
{
	archiveVersion = 1;
	classes = {
	};
	objectVersion = 50;
	objects = {

/* Begin PBXBuildFile section */
		69581D0C2294ED1D0034902D /* AppDelegate.swift in Sources */ = {isa = PBXBuildFile; fileRef = 69581D0B2294ED1D0034902D /* AppDelegate.swift */; };
		69581D0E2294ED1D0034902D /* MainVC.swift in Sources */ = {isa = PBXBuildFile; fileRef = 69581D0D2294ED1D0034902D /* MainVC.swift */; };
		69581D112294ED1D0034902D /* Main.storyboard in Resources */ = {isa = PBXBuildFile; fileRef = 69581D0F2294ED1D0034902D /* Main.storyboard */; };
		69581D132294ED1E0034902D /* Assets.xcassets in Resources */ = {isa = PBXBuildFile; fileRef = 69581D122294ED1E0034902D /* Assets.xcassets */; };
		69581D162294ED1E0034902D /* LaunchScreen.storyboard in Resources */ = {isa = PBXBuildFile; fileRef = 69581D142294ED1E0034902D /* LaunchScreen.storyboard */; };
		69581D212294EF7B0034902D /* CurrencyTxtField.swift in Sources */ = {isa = PBXBuildFile; fileRef = 69581D202294EF7B0034902D /* CurrencyTxtField.swift */; };
		69581D292294F7350034902D /* Window_ShopperTests.swift in Sources */ = {isa = PBXBuildFile; fileRef = 69581D282294F7350034902D /* Window_ShopperTests.swift */; };
		69581D312294F7590034902D /* Wage.swift in Sources */ = {isa = PBXBuildFile; fileRef = 69581D302294F7590034902D /* Wage.swift */; };
		69581D322294F9120034902D /* Wage.swift in Sources */ = {isa = PBXBuildFile; fileRef = 69581D302294F7590034902D /* Wage.swift */; };
/* End PBXBuildFile section */

/* Begin PBXContainerItemProxy section */
		69581D2B2294F7350034902D /* PBXContainerItemProxy */ = {
			isa = PBXContainerItemProxy;
			containerPortal = 69581D002294ED1D0034902D /* Project object */;
			proxyType = 1;
			remoteGlobalIDString = 69581D072294ED1D0034902D;
			remoteInfo = "Window Shopper";
		};
/* End PBXContainerItemProxy section */

/* Begin PBXFileReference section */
		69581D082294ED1D0034902D /* Window Shopper.app */ = {isa = PBXFileReference; explicitFileType = wrapper.application; includeInIndex = 0; path = "Window Shopper.app"; sourceTree = BUILT_PRODUCTS_DIR; };
		69581D0B2294ED1D0034902D /* AppDelegate.swift */ = {isa = PBXFileReference; lastKnownFileType = sourcecode.swift; path = AppDelegate.swift; sourceTree = "<group>"; };
		69581D0D2294ED1D0034902D /* MainVC.swift */ = {isa = PBXFileReference; lastKnownFileType = sourcecode.swift; path = MainVC.swift; sourceTree = "<group>"; };
		69581D102294ED1D0034902D /* Base */ = {isa = PBXFileReference; lastKnownFileType = file.storyboard; name = Base; path = Base.lproj/Main.storyboard; sourceTree = "<group>"; };
		69581D122294ED1E0034902D /* Assets.xcassets */ = {isa = PBXFileReference; lastKnownFileType = folder.assetcatalog; path = Assets.xcassets; sourceTree = "<group>"; };
		69581D152294ED1E0034902D /* Base */ = {isa = PBXFileReference; lastKnownFileType = file.storyboard; name = Base; path = Base.lproj/LaunchScreen.storyboard; sourceTree = "<group>"; };
		69581D172294ED1E0034902D /* Info.plist */ = {isa = PBXFileReference; lastKnownFileType = text.plist.xml; path = Info.plist; sourceTree = "<group>"; };
		69581D202294EF7B0034902D /* CurrencyTxtField.swift */ = {isa = PBXFileReference; lastKnownFileType = sourcecode.swift; path = CurrencyTxtField.swift; sourceTree = "<group>"; };
		69581D262294F7350034902D /* Window ShopperTests.xctest */ = {isa = PBXFileReference; explicitFileType = wrapper.cfbundle; includeInIndex = 0; path = "Window ShopperTests.xctest"; sourceTree = BUILT_PRODUCTS_DIR; };
		69581D282294F7350034902D /* Window_ShopperTests.swift */ = {isa = PBXFileReference; lastKnownFileType = sourcecode.swift; path = Window_ShopperTests.swift; sourceTree = "<group>"; };
		69581D2A2294F7350034902D /* Info.plist */ = {isa = PBXFileReference; lastKnownFileType = text.plist.xml; path = Info.plist; sourceTree = "<group>"; };
		69581D302294F7590034902D /* Wage.swift */ = {isa = PBXFileReference; lastKnownFileType = sourcecode.swift; path = Wage.swift; sourceTree = "<group>"; };
/* End PBXFileReference section */

/* Begin PBXFrameworksBuildPhase section */
		69581D052294ED1D0034902D /* Frameworks */ = {
			isa = PBXFrameworksBuildPhase;
			buildActionMask = 2147483647;
			files = (
			);
			runOnlyForDeploymentPostprocessing = 0;
		};
		69581D232294F7350034902D /* Frameworks */ = {
			isa = PBXFrameworksBuildPhase;
			buildActionMask = 2147483647;
			files = (
			);
			runOnlyForDeploymentPostprocessing = 0;
		};
/* End PBXFrameworksBuildPhase section */

/* Begin PBXGroup section */
		69581CFF2294ED1D0034902D = {
			isa = PBXGroup;
			children = (
				69581D0A2294ED1D0034902D /* Window Shopper */,
				69581D272294F7350034902D /* Window ShopperTests */,
				69581D092294ED1D0034902D /* Products */,
			);
			sourceTree = "<group>";
		};
		69581D092294ED1D0034902D /* Products */ = {
			isa = PBXGroup;
			children = (
				69581D082294ED1D0034902D /* Window Shopper.app */,
				69581D262294F7350034902D /* Window ShopperTests.xctest */,
			);
			name = Products;
			sourceTree = "<group>";
		};
		69581D0A2294ED1D0034902D /* Window Shopper */ = {
			isa = PBXGroup;
			children = (
				69581D1F2294EF410034902D /* Model */,
				69581D1E2294EF390034902D /* View */,
				69581D1D2294EE4E0034902D /* Controller */,
				69581D0B2294ED1D0034902D /* AppDelegate.swift */,
				69581D0F2294ED1D0034902D /* Main.storyboard */,
				69581D122294ED1E0034902D /* Assets.xcassets */,
				69581D142294ED1E0034902D /* LaunchScreen.storyboard */,
				69581D172294ED1E0034902D /* Info.plist */,
			);
			path = "Window Shopper";
			sourceTree = "<group>";
		};
		69581D1D2294EE4E0034902D /* Controller */ = {
			isa = PBXGroup;
			children = (
				69581D0D2294ED1D0034902D /* MainVC.swift */,
			);
			path = Controller;
			sourceTree = "<group>";
		};
		69581D1E2294EF390034902D /* View */ = {
			isa = PBXGroup;
			children = (
				69581D202294EF7B0034902D /* CurrencyTxtField.swift */,
			);
			path = View;
			sourceTree = "<group>";
		};
		69581D1F2294EF410034902D /* Model */ = {
			isa = PBXGroup;
			children = (
				69581D302294F7590034902D /* Wage.swift */,
			);
			path = Model;
			sourceTree = "<group>";
		};
		69581D272294F7350034902D /* Window ShopperTests */ = {
			isa = PBXGroup;
			children = (
				69581D282294F7350034902D /* Window_ShopperTests.swift */,
				69581D2A2294F7350034902D /* Info.plist */,
			);
			path = "Window ShopperTests";
			sourceTree = "<group>";
		};
/* End PBXGroup section */

/* Begin PBXNativeTarget section */
		69581D072294ED1D0034902D /* Window Shopper */ = {
			isa = PBXNativeTarget;
			buildConfigurationList = 69581D1A2294ED1E0034902D /* Build configuration list for PBXNativeTarget "Window Shopper" */;
			buildPhases = (
				69581D042294ED1D0034902D /* Sources */,
				69581D052294ED1D0034902D /* Frameworks */,
				69581D062294ED1D0034902D /* Resources */,
			);
			buildRules = (
			);
			dependencies = (
			);
			name = "Window Shopper";
			productName = "Window Shopper";
			productReference = 69581D082294ED1D0034902D /* Window Shopper.app */;
			productType = "com.apple.product-type.application";
		};
		69581D252294F7350034902D /* Window ShopperTests */ = {
			isa = PBXNativeTarget;
			buildConfigurationList = 69581D2D2294F7350034902D /* Build configuration list for PBXNativeTarget "Window ShopperTests" */;
			buildPhases = (
				69581D222294F7350034902D /* Sources */,
				69581D232294F7350034902D /* Frameworks */,
				69581D242294F7350034902D /* Resources */,
			);
			buildRules = (
			);
			dependencies = (
				69581D2C2294F7350034902D /* PBXTargetDependency */,
			);
			name = "Window ShopperTests";
			productName = "Window ShopperTests";
			productReference = 69581D262294F7350034902D /* Window ShopperTests.xctest */;
			productType = "com.apple.product-type.bundle.unit-test";
		};
/* End PBXNativeTarget section */

/* Begin PBXProject section */
		69581D002294ED1D0034902D /* Project object */ = {
			isa = PBXProject;
			attributes = {
				LastSwiftUpdateCheck = 1020;
				LastUpgradeCheck = 1020;
				ORGANIZATIONNAME = "Jay Phillips";
				TargetAttributes = {
					69581D072294ED1D0034902D = {
						CreatedOnToolsVersion = 10.2.1;
					};
					69581D252294F7350034902D = {
						CreatedOnToolsVersion = 10.2.1;
						TestTargetID = 69581D072294ED1D0034902D;
					};
				};
			};
			buildConfigurationList = 69581D032294ED1D0034902D /* Build configuration list for PBXProject "Window Shopper" */;
			compatibilityVersion = "Xcode 9.3";
			developmentRegion = en;
			hasScannedForEncodings = 0;
			knownRegions = (
				en,
				Base,
			);
			mainGroup = 69581CFF2294ED1D0034902D;
			productRefGroup = 69581D092294ED1D0034902D /* Products */;
			projectDirPath = "";
			projectRoot = "";
			targets = (
				69581D072294ED1D0034902D /* Window Shopper */,
				69581D252294F7350034902D /* Window ShopperTests */,
			);
		};
/* End PBXProject section */

/* Begin PBXResourcesBuildPhase section */
		69581D062294ED1D0034902D /* Resources */ = {
			isa = PBXResourcesBuildPhase;
			buildActionMask = 2147483647;
			files = (
				69581D162294ED1E0034902D /* LaunchScreen.storyboard in Resources */,
				69581D132294ED1E0034902D /* Assets.xcassets in Resources */,
				69581D112294ED1D0034902D /* Main.storyboard in Resources */,
			);
			runOnlyForDeploymentPostprocessing = 0;
		};
		69581D242294F7350034902D /* Resources */ = {
			isa = PBXResourcesBuildPhase;
			buildActionMask = 2147483647;
			files = (
			);
			runOnlyForDeploymentPostprocessing = 0;
		};
/* End PBXResourcesBuildPhase section */

/* Begin PBXSourcesBuildPhase section */
		69581D042294ED1D0034902D /* Sources */ = {
			isa = PBXSourcesBuildPhase;
			buildActionMask = 2147483647;
			files = (
				69581D212294EF7B0034902D /* CurrencyTxtField.swift in Sources */,
				69581D312294F7590034902D /* Wage.swift in Sources */,
				69581D0E2294ED1D0034902D /* MainVC.swift in Sources */,
				69581D0C2294ED1D0034902D /* AppDelegate.swift in Sources */,
			);
			runOnlyForDeploymentPostprocessing = 0;
		};
		69581D222294F7350034902D /* Sources */ = {
			isa = PBXSourcesBuildPhase;
			buildActionMask = 2147483647;
			files = (
				69581D292294F7350034902D /* Window_ShopperTests.swift in Sources */,
				69581D322294F9120034902D /* Wage.swift in Sources */,
			);
			runOnlyForDeploymentPostprocessing = 0;
		};
/* End PBXSourcesBuildPhase section */

/* Begin PBXTargetDependency section */
		69581D2C2294F7350034902D /* PBXTargetDependency */ = {
			isa = PBXTargetDependency;
			target = 69581D072294ED1D0034902D /* Window Shopper */;
			targetProxy = 69581D2B2294F7350034902D /* PBXContainerItemProxy */;
		};
/* End PBXTargetDependency section */

/* Begin PBXVariantGroup section */
		69581D0F2294ED1D0034902D /* Main.storyboard */ = {
			isa = PBXVariantGroup;
			children = (
				69581D102294ED1D0034902D /* Base */,
			);
			name = Main.storyboard;
			sourceTree = "<group>";
		};
		69581D142294ED1E0034902D /* LaunchScreen.storyboard */ = {
			isa = PBXVariantGroup;
			children = (
				69581D152294ED1E0034902D /* Base */,
			);
			name = LaunchScreen.storyboard;
			sourceTree = "<group>";
		};
/* End PBXVariantGroup section */

/* Begin XCBuildConfiguration section */
		69581D182294ED1E0034902D /* Debug */ = {
			isa = XCBuildConfiguration;
			buildSettings = {
				ALWAYS_SEARCH_USER_PATHS = NO;
				CLANG_ANALYZER_NONNULL = YES;
				CLANG_ANALYZER_NUMBER_OBJECT_CONVERSION = YES_AGGRESSIVE;
				CLANG_CXX_LANGUAGE_STANDARD = "gnu++14";
				CLANG_CXX_LIBRARY = "libc++";
				CLANG_ENABLE_MODULES = YES;
				CLANG_ENABLE_OBJC_ARC = YES;
				CLANG_ENABLE_OBJC_WEAK = YES;
				CLANG_WARN_BLOCK_CAPTURE_AUTORELEASING = YES;
				CLANG_WARN_BOOL_CONVERSION = YES;
				CLANG_WARN_COMMA = YES;
				CLANG_WARN_CONSTANT_CONVERSION = YES;
				CLANG_WARN_DEPRECATED_OBJC_IMPLEMENTATIONS = YES;
				CLANG_WARN_DIRECT_OBJC_ISA_USAGE = YES_ERROR;
				CLANG_WARN_DOCUMENTATION_COMMENTS = YES;
				CLANG_WARN_EMPTY_BODY = YES;
				CLANG_WARN_ENUM_CONVERSION = YES;
				CLANG_WARN_INFINITE_RECURSION = YES;
				CLANG_WARN_INT_CONVERSION = YES;
				CLANG_WARN_NON_LITERAL_NULL_CONVERSION = YES;
				CLANG_WARN_OBJC_IMPLICIT_RETAIN_SELF = YES;
				CLANG_WARN_OBJC_LITERAL_CONVERSION = YES;
				CLANG_WARN_OBJC_ROOT_CLASS = YES_ERROR;
				CLANG_WARN_RANGE_LOOP_ANALYSIS = YES;
				CLANG_WARN_STRICT_PROTOTYPES = YES;
				CLANG_WARN_SUSPICIOUS_MOVE = YES;
				CLANG_WARN_UNGUARDED_AVAILABILITY = YES_AGGRESSIVE;
				CLANG_WARN_UNREACHABLE_CODE = YES;
				CLANG_WARN__DUPLICATE_METHOD_MATCH = YES;
				CODE_SIGN_IDENTITY = "iPhone Developer";
				COPY_PHASE_STRIP = NO;
				DEBUG_INFORMATION_FORMAT = dwarf;
				ENABLE_STRICT_OBJC_MSGSEND = YES;
				ENABLE_TESTABILITY = YES;
				GCC_C_LANGUAGE_STANDARD = gnu11;
				GCC_DYNAMIC_NO_PIC = NO;
				GCC_NO_COMMON_BLOCKS = YES;
				GCC_OPTIMIZATION_LEVEL = 0;
				GCC_PREPROCESSOR_DEFINITIONS = (
					"DEBUG=1",
					"$(inherited)",
				);
				GCC_WARN_64_TO_32_BIT_CONVERSION = YES;
				GCC_WARN_ABOUT_RETURN_TYPE = YES_ERROR;
				GCC_WARN_UNDECLARED_SELECTOR = YES;
				GCC_WARN_UNINITIALIZED_AUTOS = YES_AGGRESSIVE;
				GCC_WARN_UNUSED_FUNCTION = YES;
				GCC_WARN_UNUSED_VARIABLE = YES;
				IPHONEOS_DEPLOYMENT_TARGET = 12.2;
				MTL_ENABLE_DEBUG_INFO = INCLUDE_SOURCE;
				MTL_FAST_MATH = YES;
				ONLY_ACTIVE_ARCH = YES;
				SDKROOT = iphoneos;
				SWIFT_ACTIVE_COMPILATION_CONDITIONS = DEBUG;
				SWIFT_OPTIMIZATION_LEVEL = "-Onone";
			};
			name = Debug;
		};
		69581D192294ED1E0034902D /* Release */ = {
			isa = XCBuildConfiguration;
			buildSettings = {
				ALWAYS_SEARCH_USER_PATHS = NO;
				CLANG_ANALYZER_NONNULL = YES;
				CLANG_ANALYZER_NUMBER_OBJECT_CONVERSION = YES_AGGRESSIVE;
				CLANG_CXX_LANGUAGE_STANDARD = "gnu++14";
				CLANG_CXX_LIBRARY = "libc++";
				CLANG_ENABLE_MODULES = YES;
				CLANG_ENABLE_OBJC_ARC = YES;
				CLANG_ENABLE_OBJC_WEAK = YES;
				CLANG_WARN_BLOCK_CAPTURE_AUTORELEASING = YES;
				CLANG_WARN_BOOL_CONVERSION = YES;
				CLANG_WARN_COMMA = YES;
				CLANG_WARN_CONSTANT_CONVERSION = YES;
				CLANG_WARN_DEPRECATED_OBJC_IMPLEMENTATIONS = YES;
				CLANG_WARN_DIRECT_OBJC_ISA_USAGE = YES_ERROR;
				CLANG_WARN_DOCUMENTATION_COMMENTS = YES;
				CLANG_WARN_EMPTY_BODY = YES;
				CLANG_WARN_ENUM_CONVERSION = YES;
				CLANG_WARN_INFINITE_RECURSION = YES;
				CLANG_WARN_INT_CONVERSION = YES;
				CLANG_WARN_NON_LITERAL_NULL_CONVERSION = YES;
				CLANG_WARN_OBJC_IMPLICIT_RETAIN_SELF = YES;
				CLANG_WARN_OBJC_LITERAL_CONVERSION = YES;
				CLANG_WARN_OBJC_ROOT_CLASS = YES_ERROR;
				CLANG_WARN_RANGE_LOOP_ANALYSIS = YES;
				CLANG_WARN_STRICT_PROTOTYPES = YES;
				CLANG_WARN_SUSPICIOUS_MOVE = YES;
				CLANG_WARN_UNGUARDED_AVAILABILITY = YES_AGGRESSIVE;
				CLANG_WARN_UNREACHABLE_CODE = YES;
				CLANG_WARN__DUPLICATE_METHOD_MATCH = YES;
				CODE_SIGN_IDENTITY = "iPhone Developer";
				COPY_PHASE_STRIP = NO;
				DEBUG_INFORMATION_FORMAT = "dwarf-with-dsym";
				ENABLE_NS_ASSERTIONS = NO;
				ENABLE_STRICT_OBJC_MSGSEND = YES;
				GCC_C_LANGUAGE_STANDARD = gnu11;
				GCC_NO_COMMON_BLOCKS = YES;
				GCC_WARN_64_TO_32_BIT_CONVERSION = YES;
				GCC_WARN_ABOUT_RETURN_TYPE = YES_ERROR;
				GCC_WARN_UNDECLARED_SELECTOR = YES;
				GCC_WARN_UNINITIALIZED_AUTOS = YES_AGGRESSIVE;
				GCC_WARN_UNUSED_FUNCTION = YES;
				GCC_WARN_UNUSED_VARIABLE = YES;
				IPHONEOS_DEPLOYMENT_TARGET = 12.2;
				MTL_ENABLE_DEBUG_INFO = NO;
				MTL_FAST_MATH = YES;
				SDKROOT = iphoneos;
				SWIFT_COMPILATION_MODE = wholemodule;
				SWIFT_OPTIMIZATION_LEVEL = "-O";
				VALIDATE_PRODUCT = YES;
			};
			name = Release;
		};
		69581D1B2294ED1E0034902D /* Debug */ = {
			isa = XCBuildConfiguration;
			buildSettings = {
				ASSETCATALOG_COMPILER_APPICON_NAME = AppIcon;
				CODE_SIGN_STYLE = Automatic;
				DEVELOPMENT_TEAM = 35D5MY3UD7;
				INFOPLIST_FILE = "Window Shopper/Info.plist";
				LD_RUNPATH_SEARCH_PATHS = (
					"$(inherited)",
					"@executable_path/Frameworks",
				);
				PRODUCT_BUNDLE_IDENTIFIER = "net.devnasium.Window-Shopper";
				PRODUCT_NAME = "$(TARGET_NAME)";
				SWIFT_VERSION = 5.0;
				TARGETED_DEVICE_FAMILY = "1,2";
			};
			name = Debug;
		};
		69581D1C2294ED1E0034902D /* Release */ = {
			isa = XCBuildConfiguration;
			buildSettings = {
				ASSETCATALOG_COMPILER_APPICON_NAME = AppIcon;
				CODE_SIGN_STYLE = Automatic;
				DEVELOPMENT_TEAM = 35D5MY3UD7;
				INFOPLIST_FILE = "Window Shopper/Info.plist";
				LD_RUNPATH_SEARCH_PATHS = (
					"$(inherited)",
					"@executable_path/Frameworks",
				);
				PRODUCT_BUNDLE_IDENTIFIER = "net.devnasium.Window-Shopper";
				PRODUCT_NAME = "$(TARGET_NAME)";
				SWIFT_VERSION = 5.0;
				TARGETED_DEVICE_FAMILY = "1,2";
			};
			name = Release;
		};
		69581D2E2294F7350034902D /* Debug */ = {
			isa = XCBuildConfiguration;
			buildSettings = {
				BUNDLE_LOADER = "$(TEST_HOST)";
				CODE_SIGN_STYLE = Automatic;
				DEVELOPMENT_TEAM = 35D5MY3UD7;
				INFOPLIST_FILE = "Window ShopperTests/Info.plist";
				LD_RUNPATH_SEARCH_PATHS = (
					"$(inherited)",
					"@executable_path/Frameworks",
					"@loader_path/Frameworks",
				);
				PRODUCT_BUNDLE_IDENTIFIER = "net.devnasium.Window-ShopperTests";
				PRODUCT_NAME = "$(TARGET_NAME)";
				SWIFT_VERSION = 5.0;
				TARGETED_DEVICE_FAMILY = "1,2";
				TEST_HOST = "$(BUILT_PRODUCTS_DIR)/Window Shopper.app/Window Shopper";
			};
			name = Debug;
		};
		69581D2F2294F7350034902D /* Release */ = {
			isa = XCBuildConfiguration;
			buildSettings = {
				BUNDLE_LOADER = "$(TEST_HOST)";
				CODE_SIGN_STYLE = Automatic;
				DEVELOPMENT_TEAM = 35D5MY3UD7;
				INFOPLIST_FILE = "Window ShopperTests/Info.plist";
				LD_RUNPATH_SEARCH_PATHS = (
					"$(inherited)",
					"@executable_path/Frameworks",
					"@loader_path/Frameworks",
				);
				PRODUCT_BUNDLE_IDENTIFIER = "net.devnasium.Window-ShopperTests";
				PRODUCT_NAME = "$(TARGET_NAME)";
				SWIFT_VERSION = 5.0;
				TARGETED_DEVICE_FAMILY = "1,2";
				TEST_HOST = "$(BUILT_PRODUCTS_DIR)/Window Shopper.app/Window Shopper";
			};
			name = Release;
		};
/* End XCBuildConfiguration section */

/* Begin XCConfigurationList section */
		69581D032294ED1D0034902D /* Build configuration list for PBXProject "Window Shopper" */ = {
			isa = XCConfigurationList;
			buildConfigurations = (
				69581D182294ED1E0034902D /* Debug */,
				69581D192294ED1E0034902D /* Release */,
			);
			defaultConfigurationIsVisible = 0;
			defaultConfigurationName = Release;
		};
		69581D1A2294ED1E0034902D /* Build configuration list for PBXNativeTarget "Window Shopper" */ = {
			isa = XCConfigurationList;
			buildConfigurations = (
				69581D1B2294ED1E0034902D /* Debug */,
				69581D1C2294ED1E0034902D /* Release */,
			);
			defaultConfigurationIsVisible = 0;
			defaultConfigurationName = Release;
		};
		69581D2D2294F7350034902D /* Build configuration list for PBXNativeTarget "Window ShopperTests" */ = {
			isa = XCConfigurationList;
			buildConfigurations = (
				69581D2E2294F7350034902D /* Debug */,
				69581D2F2294F7350034902D /* Release */,
			);
			defaultConfigurationIsVisible = 0;
			defaultConfigurationName = Release;
		};
/* End XCConfigurationList section */
	};
	rootObject = 69581D002294ED1D0034902D /* Project object */;
}
